// !$*UTF8*$!
{
	archiveVersion = 1;
	classes = {
	};
	objectVersion = 46;
	objects = {

/* Begin PBXBuildFile section */
		559510EF1CD2E09F00F26116 /* AppDelegate.swift in Sources */ = {isa = PBXBuildFile; fileRef = 559510EE1CD2E09F00F26116 /* AppDelegate.swift */; };
		559510F11CD2E09F00F26116 /* MainViewController.swift in Sources */ = {isa = PBXBuildFile; fileRef = 559510F01CD2E09F00F26116 /* MainViewController.swift */; };
		559510F41CD2E09F00F26116 /* Main.storyboard in Resources */ = {isa = PBXBuildFile; fileRef = 559510F21CD2E09F00F26116 /* Main.storyboard */; };
		559510F61CD2E09F00F26116 /* Assets.xcassets in Resources */ = {isa = PBXBuildFile; fileRef = 559510F51CD2E09F00F26116 /* Assets.xcassets */; };
		559510F91CD2E09F00F26116 /* LaunchScreen.storyboard in Resources */ = {isa = PBXBuildFile; fileRef = 559510F71CD2E09F00F26116 /* LaunchScreen.storyboard */; };
		559511011CD2E44B00F26116 /* Constants.swift in Sources */ = {isa = PBXBuildFile; fileRef = 559511001CD2E44B00F26116 /* Constants.swift */; };
		559511031CD2E4B500F26116 /* Extensions.swift in Sources */ = {isa = PBXBuildFile; fileRef = 559511021CD2E4B500F26116 /* Extensions.swift */; };
/* End PBXBuildFile section */

/* Begin PBXFileReference section */
		559510EB1CD2E09F00F26116 /* JSONApp.app */ = {isa = PBXFileReference; explicitFileType = wrapper.application; includeInIndex = 0; path = JSONApp.app; sourceTree = BUILT_PRODUCTS_DIR; };
		559510EE1CD2E09F00F26116 /* AppDelegate.swift */ = {isa = PBXFileReference; lastKnownFileType = sourcecode.swift; path = AppDelegate.swift; sourceTree = "<group>"; };
		559510F01CD2E09F00F26116 /* MainViewController.swift */ = {isa = PBXFileReference; lastKnownFileType = sourcecode.swift; path = MainViewController.swift; sourceTree = "<group>"; };
		559510F31CD2E09F00F26116 /* Base */ = {isa = PBXFileReference; lastKnownFileType = file.storyboard; name = Base; path = Base.lproj/Main.storyboard; sourceTree = "<group>"; };
		559510F51CD2E09F00F26116 /* Assets.xcassets */ = {isa = PBXFileReference; lastKnownFileType = folder.assetcatalog; path = Assets.xcassets; sourceTree = "<group>"; };
		559510F81CD2E09F00F26116 /* Base */ = {isa = PBXFileReference; lastKnownFileType = file.storyboard; name = Base; path = Base.lproj/LaunchScreen.storyboard; sourceTree = "<group>"; };
		559510FA1CD2E09F00F26116 /* Info.plist */ = {isa = PBXFileReference; lastKnownFileType = text.plist.xml; path = Info.plist; sourceTree = "<group>"; };
		559511001CD2E44B00F26116 /* Constants.swift */ = {isa = PBXFileReference; fileEncoding = 4; lastKnownFileType = sourcecode.swift; path = Constants.swift; sourceTree = "<group>"; };
		559511021CD2E4B500F26116 /* Extensions.swift */ = {isa = PBXFileReference; fileEncoding = 4; lastKnownFileType = sourcecode.swift; path = Extensions.swift; sourceTree = "<group>"; };
/* End PBXFileReference section */

/* Begin PBXFrameworksBuildPhase section */
		559510E81CD2E09F00F26116 /* Frameworks */ = {
			isa = PBXFrameworksBuildPhase;
			buildActionMask = 2147483647;
			files = (
			);
			runOnlyForDeploymentPostprocessing = 0;
		};
/* End PBXFrameworksBuildPhase section */

/* Begin PBXGroup section */
		559510E21CD2E09F00F26116 = {
			isa = PBXGroup;
			children = (
				559510ED1CD2E09F00F26116 /* JSONApp */,
				559510EC1CD2E09F00F26116 /* Products */,
			);
			sourceTree = "<group>";
		};
		559510EC1CD2E09F00F26116 /* Products */ = {
			isa = PBXGroup;
			children = (
				559510EB1CD2E09F00F26116 /* JSONApp.app */,
			);
			name = Products;
			sourceTree = "<group>";
		};
		559510ED1CD2E09F00F26116 /* JSONApp */ = {
			isa = PBXGroup;
			children = (
				559510EE1CD2E09F00F26116 /* AppDelegate.swift */,
				559510F01CD2E09F00F26116 /* MainViewController.swift */,
				559511001CD2E44B00F26116 /* Constants.swift */,
				559511021CD2E4B500F26116 /* Extensions.swift */,
				559510F21CD2E09F00F26116 /* Main.storyboard */,
				559510F51CD2E09F00F26116 /* Assets.xcassets */,
				559510F71CD2E09F00F26116 /* LaunchScreen.storyboard */,
				559510FA1CD2E09F00F26116 /* Info.plist */,
			);
			path = JSONApp;
			sourceTree = "<group>";
		};
/* End PBXGroup section */

/* Begin PBXNativeTarget section */
		559510EA1CD2E09F00F26116 /* JSONApp */ = {
			isa = PBXNativeTarget;
			buildConfigurationList = 559510FD1CD2E09F00F26116 /* Build configuration list for PBXNativeTarget "JSONApp" */;
			buildPhases = (
				559510E71CD2E09F00F26116 /* Sources */,
				559510E81CD2E09F00F26116 /* Frameworks */,
				559510E91CD2E09F00F26116 /* Resources */,
			);
			buildRules = (
			);
			dependencies = (
			);
			name = JSONApp;
			productName = JSONApp;
			productReference = 559510EB1CD2E09F00F26116 /* JSONApp.app */;
			productType = "com.apple.product-type.application";
		};
/* End PBXNativeTarget section */

/* Begin PBXProject section */
		559510E31CD2E09F00F26116 /* Project object */ = {
			isa = PBXProject;
			attributes = {
				LastSwiftUpdateCheck = 0730;
				LastUpgradeCheck = 0730;
				ORGANIZATIONNAME = FernandoMarins;
				TargetAttributes = {
					559510EA1CD2E09F00F26116 = {
						CreatedOnToolsVersion = 7.3;
					};
				};
			};
			buildConfigurationList = 559510E61CD2E09F00F26116 /* Build configuration list for PBXProject "JSONApp" */;
			compatibilityVersion = "Xcode 3.2";
			developmentRegion = English;
			hasScannedForEncodings = 0;
			knownRegions = (
				en,
				Base,
			);
			mainGroup = 559510E21CD2E09F00F26116;
			productRefGroup = 559510EC1CD2E09F00F26116 /* Products */;
			projectDirPath = "";
			projectRoot = "";
			targets = (
				559510EA1CD2E09F00F26116 /* JSONApp */,
			);
		};
/* End PBXProject section */

/* Begin PBXResourcesBuildPhase section */
		559510E91CD2E09F00F26116 /* Resources */ = {
			isa = PBXResourcesBuildPhase;
			buildActionMask = 2147483647;
			files = (
				559510F91CD2E09F00F26116 /* LaunchScreen.storyboard in Resources */,
				559510F61CD2E09F00F26116 /* Assets.xcassets in Resources */,
				559510F41CD2E09F00F26116 /* Main.storyboard in Resources */,
			);
			runOnlyForDeploymentPostprocessing = 0;
		};
/* End PBXResourcesBuildPhase section */

/* Begin PBXSourcesBuildPhase section */
		559510E71CD2E09F00F26116 /* Sources */ = {
			isa = PBXSourcesBuildPhase;
			buildActionMask = 2147483647;
			files = (
				559510F11CD2E09F00F26116 /* MainViewController.swift in Sources */,
				559510EF1CD2E09F00F26116 /* AppDelegate.swift in Sources */,
				559511011CD2E44B00F26116 /* Constants.swift in Sources */,
				559511031CD2E4B500F26116 /* Extensions.swift in Sources */,
			);
			runOnlyForDeploymentPostprocessing = 0;
		};
/* End PBXSourcesBuildPhase section */

/* Begin PBXVariantGroup section */
		559510F21CD2E09F00F26116 /* Main.storyboard */ = {
			isa = PBXVariantGroup;
			children = (
				559510F31CD2E09F00F26116 /* Base */,
			);
			name = Main.storyboard;
			sourceTree = "<group>";
		};
		559510F71CD2E09F00F26116 /* LaunchScreen.storyboard */ = {
			isa = PBXVariantGroup;
			children = (
				559510F81CD2E09F00F26116 /* Base */,
			);
			name = LaunchScreen.storyboard;
			sourceTree = "<group>";
		};
/* End PBXVariantGroup section */

/* Begin XCBuildConfiguration section */
		559510FB1CD2E09F00F26116 /* Debug */ = {
			isa = XCBuildConfiguration;
			buildSettings = {
				ALWAYS_SEARCH_USER_PATHS = NO;
				CLANG_ANALYZER_NONNULL = YES;
				CLANG_CXX_LANGUAGE_STANDARD = "gnu++0x";
				CLANG_CXX_LIBRARY = "libc++";
				CLANG_ENABLE_MODULES = YES;
				CLANG_ENABLE_OBJC_ARC = YES;
				CLANG_WARN_BOOL_CONVERSION = YES;
				CLANG_WARN_CONSTANT_CONVERSION = YES;
				CLANG_WARN_DIRECT_OBJC_ISA_USAGE = YES_ERROR;
				CLANG_WARN_EMPTY_BODY = YES;
				CLANG_WARN_ENUM_CONVERSION = YES;
				CLANG_WARN_INT_CONVERSION = YES;
				CLANG_WARN_OBJC_ROOT_CLASS = YES_ERROR;
				CLANG_WARN_UNREACHABLE_CODE = YES;
				CLANG_WARN__DUPLICATE_METHOD_MATCH = YES;
				"CODE_SIGN_IDENTITY[sdk=iphoneos*]" = "iPhone Developer";
				COPY_PHASE_STRIP = NO;
				DEBUG_INFORMATION_FORMAT = dwarf;
				ENABLE_STRICT_OBJC_MSGSEND = YES;
				ENABLE_TESTABILITY = YES;
				GCC_C_LANGUAGE_STANDARD = gnu99;
				GCC_DYNAMIC_NO_PIC = NO;
				GCC_NO_COMMON_BLOCKS = YES;
				GCC_OPTIMIZATION_LEVEL = 0;
				GCC_PREPROCESSOR_DEFINITIONS = (
					"DEBUG=1",
					"$(inherited)",
				);
				GCC_WARN_64_TO_32_BIT_CONVERSION = YES;
				GCC_WARN_ABOUT_RETURN_TYPE = YES_ERROR;
				GCC_WARN_UNDECLARED_SELECTOR = YES;
				GCC_WARN_UNINITIALIZED_AUTOS = YES_AGGRESSIVE;
				GCC_WARN_UNUSED_FUNCTION = YES;
				GCC_WARN_UNUSED_VARIABLE = YES;
				IPHONEOS_DEPLOYMENT_TARGET = 9.3;
				MTL_ENABLE_DEBUG_INFO = YES;
				ONLY_ACTIVE_ARCH = YES;
				SDKROOT = iphoneos;
				SWIFT_OPTIMIZATION_LEVEL = "-Onone";
			};
			name = Debug;
		};
		559510FC1CD2E09F00F26116 /* Release */ = {
			isa = XCBuildConfiguration;
			buildSettings = {
				ALWAYS_SEARCH_USER_PATHS = NO;
				CLANG_ANALYZER_NONNULL = YES;
				CLANG_CXX_LANGUAGE_STANDARD = "gnu++0x";
				CLANG_CXX_LIBRARY = "libc++";
				CLANG_ENABLE_MODULES = YES;
				CLANG_ENABLE_OBJC_ARC = YES;
				CLANG_WARN_BOOL_CONVERSION = YES;
				CLANG_WARN_CONSTANT_CONVERSION = YES;
				CLANG_WARN_DIRECT_OBJC_ISA_USAGE = YES_ERROR;
				CLANG_WARN_EMPTY_BODY = YES;
				CLANG_WARN_ENUM_CONVERSION = YES;
				CLANG_WARN_INT_CONVERSION = YES;
				CLANG_WARN_OBJC_ROOT_CLASS = YES_ERROR;
				CLANG_WARN_UNREACHABLE_CODE = YES;
				CLANG_WARN__DUPLICATE_METHOD_MATCH = YES;
				"CODE_SIGN_IDENTITY[sdk=iphoneos*]" = "iPhone Developer";
				COPY_PHASE_STRIP = NO;
				DEBUG_INFORMATION_FORMAT = "dwarf-with-dsym";
				ENABLE_NS_ASSERTIONS = NO;
				ENABLE_STRICT_OBJC_MSGSEND = YES;
				GCC_C_LANGUAGE_STANDARD = gnu99;
				GCC_NO_COMMON_BLOCKS = YES;
				GCC_WARN_64_TO_32_BIT_CONVERSION = YES;
				GCC_WARN_ABOUT_RETURN_TYPE = YES_ERROR;
				GCC_WARN_UNDECLARED_SELECTOR = YES;
				GCC_WARN_UNINITIALIZED_AUTOS = YES_AGGRESSIVE;
				GCC_WARN_UNUSED_FUNCTION = YES;
				GCC_WARN_UNUSED_VARIABLE = YES;
				IPHONEOS_DEPLOYMENT_TARGET = 9.3;
				MTL_ENABLE_DEBUG_INFO = NO;
				SDKROOT = iphoneos;
				VALIDATE_PRODUCT = YES;
			};
			name = Release;
		};
		559510FE1CD2E09F00F26116 /* Debug */ = {
			isa = XCBuildConfiguration;
			buildSettings = {
				ASSETCATALOG_COMPILER_APPICON_NAME = AppIcon;
				INFOPLIST_FILE = JSONApp/Info.plist;
				LD_RUNPATH_SEARCH_PATHS = "$(inherited) @executable_path/Frameworks";
				PRODUCT_BUNDLE_IDENTIFIER = com.fernandomarins.JSONApp;
				PRODUCT_NAME = "$(TARGET_NAME)";
			};
			name = Debug;
		};
		559510FF1CD2E09F00F26116 /* Release */ = {
			isa = XCBuildConfiguration;
			buildSettings = {
				ASSETCATALOG_COMPILER_APPICON_NAME = AppIcon;
				INFOPLIST_FILE = JSONApp/Info.plist;
				LD_RUNPATH_SEARCH_PATHS = "$(inherited) @executable_path/Frameworks";
				PRODUCT_BUNDLE_IDENTIFIER = com.fernandomarins.JSONApp;
				PRODUCT_NAME = "$(TARGET_NAME)";
			};
			name = Release;
		};
/* End XCBuildConfiguration section */

/* Begin XCConfigurationList section */
		559510E61CD2E09F00F26116 /* Build configuration list for PBXProject "JSONApp" */ = {
			isa = XCConfigurationList;
			buildConfigurations = (
				559510FB1CD2E09F00F26116 /* Debug */,
				559510FC1CD2E09F00F26116 /* Release */,
			);
			defaultConfigurationIsVisible = 0;
			defaultConfigurationName = Release;
		};
		559510FD1CD2E09F00F26116 /* Build configuration list for PBXNativeTarget "JSONApp" */ = {
			isa = XCConfigurationList;
			buildConfigurations = (
				559510FE1CD2E09F00F26116 /* Debug */,
				559510FF1CD2E09F00F26116 /* Release */,
			);
			defaultConfigurationIsVisible = 0;
		};
/* End XCConfigurationList section */
	};
	rootObject = 559510E31CD2E09F00F26116 /* Project object */;
}
